
Microsoft Visual Studio Solution File, Format Version 12.00
# Visual Studio 14
VisualStudioVersion = 14.0.25420.1
MinimumVisualStudioVersion = 10.0.40219.1
Project("{F184B08F-C81C-45F6-A57F-5ABD9991F28F}") = "ALG_VARINDEXEJER2", "ALG_VARINDEXEJER2\ALG_VARINDEXEJER2.vbproj", "{F88DF201-B677-418B-8106-E3D634CD2CAE}"
EndProject
Global
	GlobalSection(SolutionConfigurationPlatforms) = preSolution
		Debug|Any CPU = Debug|Any CPU
		Release|Any CPU = Release|Any CPU
	EndGlobalSection
	GlobalSection(ProjectConfigurationPlatforms) = postSolution
		{F88DF201-B677-418B-8106-E3D634CD2CAE}.Debug|Any CPU.ActiveCfg = Debug|Any CPU
		{F88DF201-B677-418B-8106-E3D634CD2CAE}.Debug|Any CPU.Build.0 = Debug|Any CPU
		{F88DF201-B677-418B-8106-E3D634CD2CAE}.Release|Any CPU.ActiveCfg = Release|Any CPU
		{F88DF201-B677-418B-8106-E3D634CD2CAE}.Release|Any CPU.Build.0 = Release|Any CPU
	EndGlobalSection
	GlobalSection(SolutionProperties) = preSolution
		HideSolutionNode = FALSE
	EndGlobalSection
EndGlobal
